
Microsoft Visual Studio Solution File, Format Version 12.00
# Visual Studio Version 17
VisualStudioVersion = 17.11.35222.181
MinimumVisualStudioVersion = 10.0.40219.1
Project("{9A19103F-16F7-4668-BE54-9A1E7A4F7556}") = "WebApplication1", "WebApplication1\WebApplication1.csproj", "{3D9F064F-2AA7-4B76-9C9C-1EE514B9E786}"
EndProject
Global
	GlobalSection(SolutionConfigurationPlatforms) = preSolution
		Debug|Any CPU = Debug|Any CPU
		Release|Any CPU = Release|Any CPU
	EndGlobalSection
	GlobalSection(ProjectConfigurationPlatforms) = postSolution
		{3D9F064F-2AA7-4B76-9C9C-1EE514B9E786}.Debug|Any CPU.ActiveCfg = Debug|Any CPU
		{3D9F064F-2AA7-4B76-9C9C-1EE514B9E786}.Debug|Any CPU.Build.0 = Debug|Any CPU
		{3D9F064F-2AA7-4B76-9C9C-1EE514B9E786}.Release|Any CPU.ActiveCfg = Release|Any CPU
		{3D9F064F-2AA7-4B76-9C9C-1EE514B9E786}.Release|Any CPU.Build.0 = Release|Any CPU
	EndGlobalSection
	GlobalSection(SolutionProperties) = preSolution
		HideSolutionNode = FALSE
	EndGlobalSection
	GlobalSection(ExtensibilityGlobals) = postSolution
		SolutionGuid = {BC758718-F8DF-4138-85E7-1AC3CCD4DA29}
	EndGlobalSection
EndGlobal
